
Microsoft Visual Studio Solution File, Format Version 12.00
# Visual Studio Version 16
VisualStudioVersion = 16.0.29806.167
MinimumVisualStudioVersion = 10.0.40219.1
Project("{8BC9CEB8-8B4A-11D0-8D11-00A0C91BC942}") = "glTest", "glTest\glTest.vcxproj", "{68D14EBE-5578-49A7-8140-E58265316649}"
EndProject
Project("{8BC9CEB8-8B4A-11D0-8D11-00A0C91BC942}") = "camera", "camera\camera.vcxproj", "{BF76593B-C994-4ECF-B58C-C0AA80519CB1}"
EndProject
Project("{8BC9CEB8-8B4A-11D0-8D11-00A0C91BC942}") = "feedback transform", "feedback transform\feedback transform.vcxproj", "{B1B025B3-3B26-4AFF-B247-DEC0AD198BA8}"
EndProject
Project("{8BC9CEB8-8B4A-11D0-8D11-00A0C91BC942}") = "curves", "curves\curves.vcxproj", "{3A8ABEA2-5B6B-445E-B279-351A6281E2AA}"
EndProject
Global
	GlobalSection(SolutionConfigurationPlatforms) = preSolution
		Debug|x64 = Debug|x64
		Debug|x86 = Debug|x86
		Release|x64 = Release|x64
		Release|x86 = Release|x86
	EndGlobalSection
	GlobalSection(ProjectConfigurationPlatforms) = postSolution
		{68D14EBE-5578-49A7-8140-E58265316649}.Debug|x64.ActiveCfg = Debug|x64
		{68D14EBE-5578-49A7-8140-E58265316649}.Debug|x64.Build.0 = Debug|x64
		{68D14EBE-5578-49A7-8140-E58265316649}.Debug|x86.ActiveCfg = Debug|Win32
		{68D14EBE-5578-49A7-8140-E58265316649}.Debug|x86.Build.0 = Debug|Win32
		{68D14EBE-5578-49A7-8140-E58265316649}.Release|x64.ActiveCfg = Release|x64
		{68D14EBE-5578-49A7-8140-E58265316649}.Release|x64.Build.0 = Release|x64
		{68D14EBE-5578-49A7-8140-E58265316649}.Release|x86.ActiveCfg = Release|Win32
		{68D14EBE-5578-49A7-8140-E58265316649}.Release|x86.Build.0 = Release|Win32
		{BF76593B-C994-4ECF-B58C-C0AA80519CB1}.Debug|x64.ActiveCfg = Debug|x64
		{BF76593B-C994-4ECF-B58C-C0AA80519CB1}.Debug|x64.Build.0 = Debug|x64
		{BF76593B-C994-4ECF-B58C-C0AA80519CB1}.Debug|x86.ActiveCfg = Debug|Win32
		{BF76593B-C994-4ECF-B58C-C0AA80519CB1}.Debug|x86.Build.0 = Debug|Win32
		{BF76593B-C994-4ECF-B58C-C0AA80519CB1}.Release|x64.ActiveCfg = Release|x64
		{BF76593B-C994-4ECF-B58C-C0AA80519CB1}.Release|x64.Build.0 = Release|x64
		{BF76593B-C994-4ECF-B58C-C0AA80519CB1}.Release|x86.ActiveCfg = Release|Win32
		{BF76593B-C994-4ECF-B58C-C0AA80519CB1}.Release|x86.Build.0 = Release|Win32
		{B1B025B3-3B26-4AFF-B247-DEC0AD198BA8}.Debug|x64.ActiveCfg = Debug|x64
		{B1B025B3-3B26-4AFF-B247-DEC0AD198BA8}.Debug|x64.Build.0 = Debug|x64
		{B1B025B3-3B26-4AFF-B247-DEC0AD198BA8}.Debug|x86.ActiveCfg = Debug|Win32
		{B1B025B3-3B26-4AFF-B247-DEC0AD198BA8}.Debug|x86.Build.0 = Debug|Win32
		{B1B025B3-3B26-4AFF-B247-DEC0AD198BA8}.Release|x64.ActiveCfg = Release|x64
		{B1B025B3-3B26-4AFF-B247-DEC0AD198BA8}.Release|x64.Build.0 = Release|x64
		{B1B025B3-3B26-4AFF-B247-DEC0AD198BA8}.Release|x86.ActiveCfg = Release|Win32
		{B1B025B3-3B26-4AFF-B247-DEC0AD198BA8}.Release|x86.Build.0 = Release|Win32
		{3A8ABEA2-5B6B-445E-B279-351A6281E2AA}.Debug|x64.ActiveCfg = Debug|x64
		{3A8ABEA2-5B6B-445E-B279-351A6281E2AA}.Debug|x64.Build.0 = Debug|x64
		{3A8ABEA2-5B6B-445E-B279-351A6281E2AA}.Debug|x86.ActiveCfg = Debug|Win32
		{3A8ABEA2-5B6B-445E-B279-351A6281E2AA}.Debug|x86.Build.0 = Debug|Win32
		{3A8ABEA2-5B6B-445E-B279-351A6281E2AA}.Release|x64.ActiveCfg = Release|x64
		{3A8ABEA2-5B6B-445E-B279-351A6281E2AA}.Release|x64.Build.0 = Release|x64
		{3A8ABEA2-5B6B-445E-B279-351A6281E2AA}.Release|x86.ActiveCfg = Release|Win32
		{3A8ABEA2-5B6B-445E-B279-351A6281E2AA}.Release|x86.Build.0 = Release|Win32
	EndGlobalSection
	GlobalSection(SolutionProperties) = preSolution
		HideSolutionNode = FALSE
	EndGlobalSection
	GlobalSection(ExtensibilityGlobals) = postSolution
		SolutionGuid = {F504652E-ABD9-4CDC-B3F8-6D2BEB1FEE0F}
	EndGlobalSection
EndGlobal
